// !$*UTF8*$!
{
	archiveVersion = 1;
	classes = {
	};
	objectVersion = 56;
	objects = {

/* Begin PBXBuildFile section */
		9D2E0F692A86492600E17215 /* Assets.xcassets in Resources */ = {isa = PBXBuildFile; fileRef = 9D2E0F5B2A8648ED00E17215 /* Assets.xcassets */; };
		9D2E0F6A2A86492600E17215 /* LaunchScreen.storyboard in Resources */ = {isa = PBXBuildFile; fileRef = 9D2E0F662A8648FF00E17215 /* LaunchScreen.storyboard */; };
		9D2E0F6C2A86493C00E17215 /* README.md in Resources */ = {isa = PBXBuildFile; fileRef = 9D3C873E2A8635160097AFF4 /* README.md */; };
		9D2E0F6D2A86493C00E17215 /* swiftgen.yml in Resources */ = {isa = PBXBuildFile; fileRef = 9D3C87402A8635310097AFF4 /* swiftgen.yml */; };
		9D2E0F8A2A87701700E17215 /* Infrastructure_Hosting.framework in Frameworks */ = {isa = PBXBuildFile; fileRef = 9D2E0F892A87701700E17215 /* Infrastructure_Hosting.framework */; };
		9D2E0F8B2A87701700E17215 /* Infrastructure_Hosting.framework in Embed Frameworks */ = {isa = PBXBuildFile; fileRef = 9D2E0F892A87701700E17215 /* Infrastructure_Hosting.framework */; settings = {ATTRIBUTES = (CodeSignOnCopy, RemoveHeadersOnCopy, ); }; };
		9D2E0FEF2A87743A00E17215 /* Infrastructure_HttpClient_Hosting.framework in Frameworks */ = {isa = PBXBuildFile; fileRef = 9D2E0FEA2A87743A00E17215 /* Infrastructure_HttpClient_Hosting.framework */; };
		9D2E0FF02A87743A00E17215 /* Infrastructure_HttpClient_Hosting.framework in Embed Frameworks */ = {isa = PBXBuildFile; fileRef = 9D2E0FEA2A87743A00E17215 /* Infrastructure_HttpClient_Hosting.framework */; settings = {ATTRIBUTES = (CodeSignOnCopy, RemoveHeadersOnCopy, ); }; };
		9D3C87352A8633490097AFF4 /* ViewController.swift in Sources */ = {isa = PBXBuildFile; fileRef = 9D3C872C2A8633490097AFF4 /* ViewController.swift */; };
		9D3C87392A8633490097AFF4 /* AppDelegate.swift in Sources */ = {isa = PBXBuildFile; fileRef = 9D3C87322A8633490097AFF4 /* AppDelegate.swift */; };
		9D9EDD982A879CD800BBDE7D /* Infrastructure_Core.framework in Frameworks */ = {isa = PBXBuildFile; fileRef = 9D9EDD972A879CD800BBDE7D /* Infrastructure_Core.framework */; };
		9D9EDD992A879CD800BBDE7D /* Infrastructure_Core.framework in Embed Frameworks */ = {isa = PBXBuildFile; fileRef = 9D9EDD972A879CD800BBDE7D /* Infrastructure_Core.framework */; settings = {ATTRIBUTES = (CodeSignOnCopy, RemoveHeadersOnCopy, ); }; };
		9D9EDDA52A879F2D00BBDE7D /* Infrastructure_DataStorage_Hosting.framework in Frameworks */ = {isa = PBXBuildFile; fileRef = 9D9EDDA42A879F2D00BBDE7D /* Infrastructure_DataStorage_Hosting.framework */; };
		9D9EDDA62A879F2D00BBDE7D /* Infrastructure_DataStorage_Hosting.framework in Embed Frameworks */ = {isa = PBXBuildFile; fileRef = 9D9EDDA42A879F2D00BBDE7D /* Infrastructure_DataStorage_Hosting.framework */; settings = {ATTRIBUTES = (CodeSignOnCopy, RemoveHeadersOnCopy, ); }; };
/* End PBXBuildFile section */

/* Begin PBXCopyFilesBuildPhase section */
		9D2E0F8C2A87701700E17215 /* Embed Frameworks */ = {
			isa = PBXCopyFilesBuildPhase;
			buildActionMask = 2147483647;
			dstPath = "";
			dstSubfolderSpec = 10;
			files = (
				9D2E0FF02A87743A00E17215 /* Infrastructure_HttpClient_Hosting.framework in Embed Frameworks */,
				9D2E0F8B2A87701700E17215 /* Infrastructure_Hosting.framework in Embed Frameworks */,
				9D9EDDA62A879F2D00BBDE7D /* Infrastructure_DataStorage_Hosting.framework in Embed Frameworks */,
				9D9EDD992A879CD800BBDE7D /* Infrastructure_Core.framework in Embed Frameworks */,
			);
			name = "Embed Frameworks";
			runOnlyForDeploymentPostprocessing = 0;
		};
/* End PBXCopyFilesBuildPhase section */

/* Begin PBXFileReference section */
		9D2E0F5A2A8648ED00E17215 /* Environment_DEV.xcconfig */ = {isa = PBXFileReference; fileEncoding = 4; lastKnownFileType = text.xcconfig; path = Environment_DEV.xcconfig; sourceTree = "<group>"; };
		9D2E0F5B2A8648ED00E17215 /* Assets.xcassets */ = {isa = PBXFileReference; lastKnownFileType = folder.assetcatalog; path = Assets.xcassets; sourceTree = "<group>"; };
		9D2E0F5C2A8648ED00E17215 /* Application.plist */ = {isa = PBXFileReference; fileEncoding = 4; lastKnownFileType = text.plist.xml; path = Application.plist; sourceTree = "<group>"; };
		9D2E0F602A8648EE00E17215 /* Environment_PROD.xcconfig */ = {isa = PBXFileReference; fileEncoding = 4; lastKnownFileType = text.xcconfig; path = Environment_PROD.xcconfig; sourceTree = "<group>"; };
		9D2E0F672A8648FF00E17215 /* Base */ = {isa = PBXFileReference; lastKnownFileType = file.storyboard; name = Base; path = Base.lproj/LaunchScreen.storyboard; sourceTree = "<group>"; };
		9D2E0F892A87701700E17215 /* Infrastructure_Hosting.framework */ = {isa = PBXFileReference; explicitFileType = wrapper.framework; path = Infrastructure_Hosting.framework; sourceTree = BUILT_PRODUCTS_DIR; };
		9D2E0FE82A87743A00E17215 /* Infrastructure_HttpClient.framework */ = {isa = PBXFileReference; explicitFileType = wrapper.framework; path = Infrastructure_HttpClient.framework; sourceTree = BUILT_PRODUCTS_DIR; };
		9D2E0FE92A87743A00E17215 /* Infrastructure_HttpClient_Curl.framework */ = {isa = PBXFileReference; explicitFileType = wrapper.framework; path = Infrastructure_HttpClient_Curl.framework; sourceTree = BUILT_PRODUCTS_DIR; };
		9D2E0FEA2A87743A00E17215 /* Infrastructure_HttpClient_Hosting.framework */ = {isa = PBXFileReference; explicitFileType = wrapper.framework; path = Infrastructure_HttpClient_Hosting.framework; sourceTree = BUILT_PRODUCTS_DIR; };
		9D2E102D2A877AF400E17215 /* Infrastructure_DataStorage.framework */ = {isa = PBXFileReference; explicitFileType = wrapper.framework; path = Infrastructure_DataStorage.framework; sourceTree = BUILT_PRODUCTS_DIR; };
		9D2E102E2A877AF400E17215 /* Infrastructure_DataStorage_Hosting.framework */ = {isa = PBXFileReference; explicitFileType = wrapper.framework; path = Infrastructure_DataStorage_Hosting.framework; sourceTree = BUILT_PRODUCTS_DIR; };
		9D2E102F2A877AF400E17215 /* Infrastructure_DataStorage_RealmSwift.framework */ = {isa = PBXFileReference; explicitFileType = wrapper.framework; path = Infrastructure_DataStorage_RealmSwift.framework; sourceTree = BUILT_PRODUCTS_DIR; };
		9D2E10752A878EBA00E17215 /* Infrastructure_Core.framework */ = {isa = PBXFileReference; explicitFileType = wrapper.framework; path = Infrastructure_Core.framework; sourceTree = BUILT_PRODUCTS_DIR; };
		9D3C87142A862EFF0097AFF4 /* Application.app */ = {isa = PBXFileReference; explicitFileType = wrapper.application; includeInIndex = 0; path = Application.app; sourceTree = BUILT_PRODUCTS_DIR; };
		9D3C872C2A8633490097AFF4 /* ViewController.swift */ = {isa = PBXFileReference; fileEncoding = 4; lastKnownFileType = sourcecode.swift; path = ViewController.swift; sourceTree = "<group>"; };
		9D3C87322A8633490097AFF4 /* AppDelegate.swift */ = {isa = PBXFileReference; fileEncoding = 4; lastKnownFileType = sourcecode.swift; path = AppDelegate.swift; sourceTree = "<group>"; };
		9D3C873E2A8635160097AFF4 /* README.md */ = {isa = PBXFileReference; fileEncoding = 4; lastKnownFileType = net.daringfireball.markdown; name = README.md; path = ../../README.md; sourceTree = "<group>"; };
		9D3C87402A8635310097AFF4 /* swiftgen.yml */ = {isa = PBXFileReference; fileEncoding = 4; lastKnownFileType = text.yaml; path = swiftgen.yml; sourceTree = "<group>"; };
		9D9EDD972A879CD800BBDE7D /* Infrastructure_Core.framework */ = {isa = PBXFileReference; explicitFileType = wrapper.framework; path = Infrastructure_Core.framework; sourceTree = BUILT_PRODUCTS_DIR; };
		9D9EDDA42A879F2D00BBDE7D /* Infrastructure_DataStorage_Hosting.framework */ = {isa = PBXFileReference; explicitFileType = wrapper.framework; path = Infrastructure_DataStorage_Hosting.framework; sourceTree = BUILT_PRODUCTS_DIR; };
/* End PBXFileReference section */

/* Begin PBXFrameworksBuildPhase section */
		9D3C87112A862EFF0097AFF4 /* Frameworks */ = {
			isa = PBXFrameworksBuildPhase;
			buildActionMask = 2147483647;
			files = (
				9D2E0FEF2A87743A00E17215 /* Infrastructure_HttpClient_Hosting.framework in Frameworks */,
				9D2E0F8A2A87701700E17215 /* Infrastructure_Hosting.framework in Frameworks */,
				9D9EDDA52A879F2D00BBDE7D /* Infrastructure_DataStorage_Hosting.framework in Frameworks */,
				9D9EDD982A879CD800BBDE7D /* Infrastructure_Core.framework in Frameworks */,
			);
			runOnlyForDeploymentPostprocessing = 0;
		};
/* End PBXFrameworksBuildPhase section */

/* Begin PBXGroup section */
		9D2E0F882A87701700E17215 /* Frameworks */ = {
			isa = PBXGroup;
			children = (
				9D9EDDA42A879F2D00BBDE7D /* Infrastructure_DataStorage_Hosting.framework */,
				9D9EDD972A879CD800BBDE7D /* Infrastructure_Core.framework */,
				9D2E10752A878EBA00E17215 /* Infrastructure_Core.framework */,
				9D2E102D2A877AF400E17215 /* Infrastructure_DataStorage.framework */,
				9D2E102E2A877AF400E17215 /* Infrastructure_DataStorage_Hosting.framework */,
				9D2E102F2A877AF400E17215 /* Infrastructure_DataStorage_RealmSwift.framework */,
				9D2E0FE82A87743A00E17215 /* Infrastructure_HttpClient.framework */,
				9D2E0FE92A87743A00E17215 /* Infrastructure_HttpClient_Curl.framework */,
				9D2E0FEA2A87743A00E17215 /* Infrastructure_HttpClient_Hosting.framework */,
				9D2E0F892A87701700E17215 /* Infrastructure_Hosting.framework */,
			);
			name = Frameworks;
			sourceTree = "<group>";
		};
		9D3C870B2A862EFF0097AFF4 = {
			isa = PBXGroup;
			children = (
				9D3C873E2A8635160097AFF4 /* README.md */,
				9D3C87402A8635310097AFF4 /* swiftgen.yml */,
				9D3C872B2A8633490097AFF4 /* Application */,
				9D3C87152A862EFF0097AFF4 /* Products */,
				9D2E0F882A87701700E17215 /* Frameworks */,
			);
			sourceTree = "<group>";
		};
		9D3C87152A862EFF0097AFF4 /* Products */ = {
			isa = PBXGroup;
			children = (
				9D3C87142A862EFF0097AFF4 /* Application.app */,
			);
			name = Products;
			sourceTree = "<group>";
		};
		9D3C872B2A8633490097AFF4 /* Application */ = {
			isa = PBXGroup;
			children = (
				9D3C873C2A8633BC0097AFF4 /* Resources */,
				9D3C873D2A8633CA0097AFF4 /* Sources */,
			);
			path = Application;
			sourceTree = "<group>";
		};
		9D3C873C2A8633BC0097AFF4 /* Resources */ = {
			isa = PBXGroup;
			children = (
				9D2E0F5B2A8648ED00E17215 /* Assets.xcassets */,
				9D2E0F662A8648FF00E17215 /* LaunchScreen.storyboard */,
				9D2E0F5A2A8648ED00E17215 /* Environment_DEV.xcconfig */,
				9D2E0F602A8648EE00E17215 /* Environment_PROD.xcconfig */,
				9D2E0F5C2A8648ED00E17215 /* Application.plist */,
			);
			path = Resources;
			sourceTree = "<group>";
		};
		9D3C873D2A8633CA0097AFF4 /* Sources */ = {
			isa = PBXGroup;
			children = (
				9D3C872C2A8633490097AFF4 /* ViewController.swift */,
				9D3C87322A8633490097AFF4 /* AppDelegate.swift */,
			);
			path = Sources;
			sourceTree = "<group>";
		};
/* End PBXGroup section */

/* Begin PBXNativeTarget section */
		9D3C87132A862EFF0097AFF4 /* Application */ = {
			isa = PBXNativeTarget;
			buildConfigurationList = 9D3C87282A862F000097AFF4 /* Build configuration list for PBXNativeTarget "Application" */;
			buildPhases = (
				9D3C87102A862EFF0097AFF4 /* Sources */,
				9D3C87112A862EFF0097AFF4 /* Frameworks */,
				9D3C87122A862EFF0097AFF4 /* Resources */,
				9D2E0F8C2A87701700E17215 /* Embed Frameworks */,
			);
			buildRules = (
			);
			dependencies = (
			);
			name = Application;
			packageProductDependencies = (
			);
			productName = TMDBViewer;
			productReference = 9D3C87142A862EFF0097AFF4 /* Application.app */;
			productType = "com.apple.product-type.application";
		};
/* End PBXNativeTarget section */

/* Begin PBXProject section */
		9D3C870C2A862EFF0097AFF4 /* Project object */ = {
			isa = PBXProject;
			attributes = {
				BuildIndependentTargetsInParallel = 1;
				LastSwiftUpdateCheck = 1430;
				LastUpgradeCheck = 1430;
				TargetAttributes = {
					9D3C87132A862EFF0097AFF4 = {
						CreatedOnToolsVersion = 14.3.1;
					};
				};
			};
			buildConfigurationList = 9D3C870F2A862EFF0097AFF4 /* Build configuration list for PBXProject "Application" */;
			compatibilityVersion = "Xcode 14.0";
			developmentRegion = en;
			hasScannedForEncodings = 0;
			knownRegions = (
				en,
				Base,
			);
			mainGroup = 9D3C870B2A862EFF0097AFF4;
			packageReferences = (
			);
			productRefGroup = 9D3C87152A862EFF0097AFF4 /* Products */;
			projectDirPath = "";
			projectRoot = "";
			targets = (
				9D3C87132A862EFF0097AFF4 /* Application */,
			);
		};
/* End PBXProject section */

/* Begin PBXResourcesBuildPhase section */
		9D3C87122A862EFF0097AFF4 /* Resources */ = {
			isa = PBXResourcesBuildPhase;
			buildActionMask = 2147483647;
			files = (
				9D2E0F6C2A86493C00E17215 /* README.md in Resources */,
				9D2E0F6D2A86493C00E17215 /* swiftgen.yml in Resources */,
				9D2E0F692A86492600E17215 /* Assets.xcassets in Resources */,
				9D2E0F6A2A86492600E17215 /* LaunchScreen.storyboard in Resources */,
			);
			runOnlyForDeploymentPostprocessing = 0;
		};
/* End PBXResourcesBuildPhase section */

/* Begin PBXSourcesBuildPhase section */
		9D3C87102A862EFF0097AFF4 /* Sources */ = {
			isa = PBXSourcesBuildPhase;
			buildActionMask = 2147483647;
			files = (
				9D3C87392A8633490097AFF4 /* AppDelegate.swift in Sources */,
				9D3C87352A8633490097AFF4 /* ViewController.swift in Sources */,
			);
			runOnlyForDeploymentPostprocessing = 0;
		};
/* End PBXSourcesBuildPhase section */

/* Begin PBXVariantGroup section */
		9D2E0F662A8648FF00E17215 /* LaunchScreen.storyboard */ = {
			isa = PBXVariantGroup;
			children = (
				9D2E0F672A8648FF00E17215 /* Base */,
			);
			name = LaunchScreen.storyboard;
			sourceTree = "<group>";
		};
/* End PBXVariantGroup section */

/* Begin XCBuildConfiguration section */
		9D3C87262A862F000097AFF4 /* DEV */ = {
			isa = XCBuildConfiguration;
			baseConfigurationReference = 9D2E0F5A2A8648ED00E17215 /* Environment_DEV.xcconfig */;
			buildSettings = {
				ALWAYS_SEARCH_USER_PATHS = NO;
				CLANG_ANALYZER_NONNULL = YES;
				CLANG_ANALYZER_NUMBER_OBJECT_CONVERSION = YES_AGGRESSIVE;
				CLANG_CXX_LANGUAGE_STANDARD = "gnu++20";
				CLANG_ENABLE_MODULES = YES;
				CLANG_ENABLE_OBJC_ARC = YES;
				CLANG_ENABLE_OBJC_WEAK = YES;
				CLANG_WARN_BLOCK_CAPTURE_AUTORELEASING = YES;
				CLANG_WARN_BOOL_CONVERSION = YES;
				CLANG_WARN_COMMA = YES;
				CLANG_WARN_CONSTANT_CONVERSION = YES;
				CLANG_WARN_DEPRECATED_OBJC_IMPLEMENTATIONS = YES;
				CLANG_WARN_DIRECT_OBJC_ISA_USAGE = YES_ERROR;
				CLANG_WARN_DOCUMENTATION_COMMENTS = YES;
				CLANG_WARN_EMPTY_BODY = YES;
				CLANG_WARN_ENUM_CONVERSION = YES;
				CLANG_WARN_INFINITE_RECURSION = YES;
				CLANG_WARN_INT_CONVERSION = YES;
				CLANG_WARN_NON_LITERAL_NULL_CONVERSION = YES;
				CLANG_WARN_OBJC_IMPLICIT_RETAIN_SELF = YES;
				CLANG_WARN_OBJC_LITERAL_CONVERSION = YES;
				CLANG_WARN_OBJC_ROOT_CLASS = YES_ERROR;
				CLANG_WARN_QUOTED_INCLUDE_IN_FRAMEWORK_HEADER = YES;
				CLANG_WARN_RANGE_LOOP_ANALYSIS = YES;
				CLANG_WARN_STRICT_PROTOTYPES = YES;
				CLANG_WARN_SUSPICIOUS_MOVE = YES;
				CLANG_WARN_UNGUARDED_AVAILABILITY = YES_AGGRESSIVE;
				CLANG_WARN_UNREACHABLE_CODE = YES;
				CLANG_WARN__DUPLICATE_METHOD_MATCH = YES;
				COPY_PHASE_STRIP = NO;
				DEBUG_INFORMATION_FORMAT = dwarf;
				ENABLE_STRICT_OBJC_MSGSEND = YES;
				ENABLE_TESTABILITY = YES;
				GCC_C_LANGUAGE_STANDARD = gnu11;
				GCC_DYNAMIC_NO_PIC = NO;
				GCC_NO_COMMON_BLOCKS = YES;
				GCC_OPTIMIZATION_LEVEL = 0;
				GCC_PREPROCESSOR_DEFINITIONS = (
					"DEBUG=1",
					"$(inherited)",
				);
				GCC_WARN_64_TO_32_BIT_CONVERSION = YES;
				GCC_WARN_ABOUT_RETURN_TYPE = YES_ERROR;
				GCC_WARN_UNDECLARED_SELECTOR = YES;
				GCC_WARN_UNINITIALIZED_AUTOS = YES_AGGRESSIVE;
				GCC_WARN_UNUSED_FUNCTION = YES;
				GCC_WARN_UNUSED_VARIABLE = YES;
				IPHONEOS_DEPLOYMENT_TARGET = 15.0;
				MTL_ENABLE_DEBUG_INFO = INCLUDE_SOURCE;
				MTL_FAST_MATH = YES;
				ONLY_ACTIVE_ARCH = YES;
				SDKROOT = iphoneos;
				SWIFT_ACTIVE_COMPILATION_CONDITIONS = DEBUG;
				SWIFT_OPTIMIZATION_LEVEL = "-Onone";
			};
			name = DEV;
		};
		9D3C87272A862F000097AFF4 /* PROD */ = {
			isa = XCBuildConfiguration;
			baseConfigurationReference = 9D2E0F602A8648EE00E17215 /* Environment_PROD.xcconfig */;
			buildSettings = {
				ALWAYS_SEARCH_USER_PATHS = NO;
				CLANG_ANALYZER_NONNULL = YES;
				CLANG_ANALYZER_NUMBER_OBJECT_CONVERSION = YES_AGGRESSIVE;
				CLANG_CXX_LANGUAGE_STANDARD = "gnu++20";
				CLANG_ENABLE_MODULES = YES;
				CLANG_ENABLE_OBJC_ARC = YES;
				CLANG_ENABLE_OBJC_WEAK = YES;
				CLANG_WARN_BLOCK_CAPTURE_AUTORELEASING = YES;
				CLANG_WARN_BOOL_CONVERSION = YES;
				CLANG_WARN_COMMA = YES;
				CLANG_WARN_CONSTANT_CONVERSION = YES;
				CLANG_WARN_DEPRECATED_OBJC_IMPLEMENTATIONS = YES;
				CLANG_WARN_DIRECT_OBJC_ISA_USAGE = YES_ERROR;
				CLANG_WARN_DOCUMENTATION_COMMENTS = YES;
				CLANG_WARN_EMPTY_BODY = YES;
				CLANG_WARN_ENUM_CONVERSION = YES;
				CLANG_WARN_INFINITE_RECURSION = YES;
				CLANG_WARN_INT_CONVERSION = YES;
				CLANG_WARN_NON_LITERAL_NULL_CONVERSION = YES;
				CLANG_WARN_OBJC_IMPLICIT_RETAIN_SELF = YES;
				CLANG_WARN_OBJC_LITERAL_CONVERSION = YES;
				CLANG_WARN_OBJC_ROOT_CLASS = YES_ERROR;
				CLANG_WARN_QUOTED_INCLUDE_IN_FRAMEWORK_HEADER = YES;
				CLANG_WARN_RANGE_LOOP_ANALYSIS = YES;
				CLANG_WARN_STRICT_PROTOTYPES = YES;
				CLANG_WARN_SUSPICIOUS_MOVE = YES;
				CLANG_WARN_UNGUARDED_AVAILABILITY = YES_AGGRESSIVE;
				CLANG_WARN_UNREACHABLE_CODE = YES;
				CLANG_WARN__DUPLICATE_METHOD_MATCH = YES;
				COPY_PHASE_STRIP = NO;
				DEBUG_INFORMATION_FORMAT = "dwarf-with-dsym";
				ENABLE_NS_ASSERTIONS = NO;
				ENABLE_STRICT_OBJC_MSGSEND = YES;
				GCC_C_LANGUAGE_STANDARD = gnu11;
				GCC_NO_COMMON_BLOCKS = YES;
				GCC_WARN_64_TO_32_BIT_CONVERSION = YES;
				GCC_WARN_ABOUT_RETURN_TYPE = YES_ERROR;
				GCC_WARN_UNDECLARED_SELECTOR = YES;
				GCC_WARN_UNINITIALIZED_AUTOS = YES_AGGRESSIVE;
				GCC_WARN_UNUSED_FUNCTION = YES;
				GCC_WARN_UNUSED_VARIABLE = YES;
				IPHONEOS_DEPLOYMENT_TARGET = 15.0;
				MTL_ENABLE_DEBUG_INFO = NO;
				MTL_FAST_MATH = YES;
				SDKROOT = iphoneos;
				SWIFT_COMPILATION_MODE = wholemodule;
				SWIFT_OPTIMIZATION_LEVEL = "-O";
				VALIDATE_PRODUCT = YES;
			};
			name = PROD;
		};
		9D3C87292A862F000097AFF4 /* DEV */ = {
			isa = XCBuildConfiguration;
			buildSettings = {
				ASSETCATALOG_COMPILER_APPICON_NAME = AppIcon;
				ASSETCATALOG_COMPILER_GLOBAL_ACCENT_COLOR_NAME = AccentColor;
				CODE_SIGN_STYLE = Manual;
				CURRENT_PROJECT_VERSION = 1;
				DEVELOPMENT_TEAM = "";
				GENERATE_INFOPLIST_FILE = YES;
				INFOPLIST_FILE = Application/Resources/Application.plist;
				INFOPLIST_KEY_CFBundleDisplayName = "${APP_DISPLAY_NAME}";
				INFOPLIST_KEY_UIApplicationSupportsIndirectInputEvents = YES;
				INFOPLIST_KEY_UILaunchStoryboardName = LaunchScreen;
				INFOPLIST_KEY_UISupportedInterfaceOrientations_iPad = "UIInterfaceOrientationPortrait UIInterfaceOrientationPortraitUpsideDown UIInterfaceOrientationLandscapeLeft UIInterfaceOrientationLandscapeRight";
				INFOPLIST_KEY_UISupportedInterfaceOrientations_iPhone = "UIInterfaceOrientationPortrait UIInterfaceOrientationLandscapeLeft UIInterfaceOrientationLandscapeRight";
				LD_RUNPATH_SEARCH_PATHS = (
					"$(inherited)",
					"@executable_path/Frameworks",
				);
				MARKETING_VERSION = 1.0;
				PRODUCT_BUNDLE_IDENTIFIER = "${APP_BUNDLE_IDENTIFIER}";
				PRODUCT_NAME = "$(TARGET_NAME)";
				PROVISIONING_PROFILE_SPECIFIER = "";
				SUPPORTED_PLATFORMS = "iphoneos iphonesimulator";
				SUPPORTS_MACCATALYST = NO;
				SUPPORTS_MAC_DESIGNED_FOR_IPHONE_IPAD = NO;
				SWIFT_EMIT_LOC_STRINGS = YES;
				SWIFT_VERSION = 5.0;
				TARGETED_DEVICE_FAMILY = "1,2";
			};
			name = DEV;
		};
		9D3C872A2A862F000097AFF4 /* PROD */ = {
			isa = XCBuildConfiguration;
			buildSettings = {
				ASSETCATALOG_COMPILER_APPICON_NAME = AppIcon;
				ASSETCATALOG_COMPILER_GLOBAL_ACCENT_COLOR_NAME = AccentColor;
				CODE_SIGN_STYLE = Manual;
				CURRENT_PROJECT_VERSION = 1;
				DEVELOPMENT_TEAM = "";
				GENERATE_INFOPLIST_FILE = YES;
				INFOPLIST_FILE = Application/Resources/Application.plist;
				INFOPLIST_KEY_CFBundleDisplayName = "${APP_DISPLAY_NAME}";
				INFOPLIST_KEY_UIApplicationSupportsIndirectInputEvents = YES;
				INFOPLIST_KEY_UILaunchStoryboardName = LaunchScreen;
				INFOPLIST_KEY_UISupportedInterfaceOrientations_iPad = "UIInterfaceOrientationPortrait UIInterfaceOrientationPortraitUpsideDown UIInterfaceOrientationLandscapeLeft UIInterfaceOrientationLandscapeRight";
				INFOPLIST_KEY_UISupportedInterfaceOrientations_iPhone = "UIInterfaceOrientationPortrait UIInterfaceOrientationLandscapeLeft UIInterfaceOrientationLandscapeRight";
				LD_RUNPATH_SEARCH_PATHS = (
					"$(inherited)",
					"@executable_path/Frameworks",
				);
				MARKETING_VERSION = 1.0;
				PRODUCT_BUNDLE_IDENTIFIER = "${APP_BUNDLE_IDENTIFIER}";
				PRODUCT_NAME = "$(TARGET_NAME)";
				PROVISIONING_PROFILE_SPECIFIER = "";
				SUPPORTED_PLATFORMS = "iphoneos iphonesimulator";
				SUPPORTS_MACCATALYST = NO;
				SUPPORTS_MAC_DESIGNED_FOR_IPHONE_IPAD = NO;
				SWIFT_EMIT_LOC_STRINGS = YES;
				SWIFT_VERSION = 5.0;
				TARGETED_DEVICE_FAMILY = "1,2";
			};
			name = PROD;
		};
/* End XCBuildConfiguration section */

/* Begin XCConfigurationList section */
		9D3C870F2A862EFF0097AFF4 /* Build configuration list for PBXProject "Application" */ = {
			isa = XCConfigurationList;
			buildConfigurations = (
				9D3C87262A862F000097AFF4 /* DEV */,
				9D3C87272A862F000097AFF4 /* PROD */,
			);
			defaultConfigurationIsVisible = 0;
			defaultConfigurationName = PROD;
		};
		9D3C87282A862F000097AFF4 /* Build configuration list for PBXNativeTarget "Application" */ = {
			isa = XCConfigurationList;
			buildConfigurations = (
				9D3C87292A862F000097AFF4 /* DEV */,
				9D3C872A2A862F000097AFF4 /* PROD */,
			);
			defaultConfigurationIsVisible = 0;
			defaultConfigurationName = PROD;
		};
/* End XCConfigurationList section */
	};
	rootObject = 9D3C870C2A862EFF0097AFF4 /* Project object */;
}
